// !$*UTF8*$!
{
	archiveVersion = 1;
	classes = {
	};
	objectVersion = 56;
	objects = {

/* Begin PBXBuildFile section */
		BCCDC2062B2C720A00216449 /* CryptoSwitUIApp.swift in Sources */ = {isa = PBXBuildFile; fileRef = BCCDC2052B2C720A00216449 /* CryptoSwitUIApp.swift */; };
		BCCDC2082B2C720A00216449 /* MainView.swift in Sources */ = {isa = PBXBuildFile; fileRef = BCCDC2072B2C720A00216449 /* MainView.swift */; };
		BCCDC20A2B2C720F00216449 /* Assets.xcassets in Resources */ = {isa = PBXBuildFile; fileRef = BCCDC2092B2C720F00216449 /* Assets.xcassets */; };
		BCCDC20D2B2C720F00216449 /* Preview Assets.xcassets in Resources */ = {isa = PBXBuildFile; fileRef = BCCDC20C2B2C720F00216449 /* Preview Assets.xcassets */; };
		BCCDC2182B2C746200216449 /* CryptoCurrency.swift in Sources */ = {isa = PBXBuildFile; fileRef = BCCDC2172B2C746200216449 /* CryptoCurrency.swift */; };
		BCCDC21A2B2C76B600216449 /* WebService.swift in Sources */ = {isa = PBXBuildFile; fileRef = BCCDC2192B2C76B600216449 /* WebService.swift */; };
		BCCDC21C2B2C7C7A00216449 /* CrytoViewModel.swift in Sources */ = {isa = PBXBuildFile; fileRef = BCCDC21B2B2C7C7A00216449 /* CrytoViewModel.swift */; };
/* End PBXBuildFile section */

/* Begin PBXFileReference section */
		BCCDC2022B2C720A00216449 /* CryptoSwitUI.app */ = {isa = PBXFileReference; explicitFileType = wrapper.application; includeInIndex = 0; path = CryptoSwitUI.app; sourceTree = BUILT_PRODUCTS_DIR; };
		BCCDC2052B2C720A00216449 /* CryptoSwitUIApp.swift */ = {isa = PBXFileReference; lastKnownFileType = sourcecode.swift; path = CryptoSwitUIApp.swift; sourceTree = "<group>"; };
		BCCDC2072B2C720A00216449 /* MainView.swift */ = {isa = PBXFileReference; lastKnownFileType = sourcecode.swift; path = MainView.swift; sourceTree = "<group>"; };
		BCCDC2092B2C720F00216449 /* Assets.xcassets */ = {isa = PBXFileReference; lastKnownFileType = folder.assetcatalog; path = Assets.xcassets; sourceTree = "<group>"; };
		BCCDC20C2B2C720F00216449 /* Preview Assets.xcassets */ = {isa = PBXFileReference; lastKnownFileType = folder.assetcatalog; path = "Preview Assets.xcassets"; sourceTree = "<group>"; };
		BCCDC2172B2C746200216449 /* CryptoCurrency.swift */ = {isa = PBXFileReference; lastKnownFileType = sourcecode.swift; path = CryptoCurrency.swift; sourceTree = "<group>"; };
		BCCDC2192B2C76B600216449 /* WebService.swift */ = {isa = PBXFileReference; lastKnownFileType = sourcecode.swift; path = WebService.swift; sourceTree = "<group>"; };
		BCCDC21B2B2C7C7A00216449 /* CrytoViewModel.swift */ = {isa = PBXFileReference; lastKnownFileType = sourcecode.swift; path = CrytoViewModel.swift; sourceTree = "<group>"; };
/* End PBXFileReference section */

/* Begin PBXFrameworksBuildPhase section */
		BCCDC1FF2B2C720A00216449 /* Frameworks */ = {
			isa = PBXFrameworksBuildPhase;
			buildActionMask = 2147483647;
			files = (
			);
			runOnlyForDeploymentPostprocessing = 0;
		};
/* End PBXFrameworksBuildPhase section */

/* Begin PBXGroup section */
		BCCDC1F92B2C720A00216449 = {
			isa = PBXGroup;
			children = (
				BCCDC2042B2C720A00216449 /* CryptoSwitUI */,
				BCCDC2032B2C720A00216449 /* Products */,
			);
			sourceTree = "<group>";
		};
		BCCDC2032B2C720A00216449 /* Products */ = {
			isa = PBXGroup;
			children = (
				BCCDC2022B2C720A00216449 /* CryptoSwitUI.app */,
			);
			name = Products;
			sourceTree = "<group>";
		};
		BCCDC2042B2C720A00216449 /* CryptoSwitUI */ = {
			isa = PBXGroup;
			children = (
				BCCDC2162B2C73AF00216449 /* Service */,
				BCCDC2152B2C73A700216449 /* ViewModel */,
				BCCDC2142B2C73A200216449 /* View */,
				BCCDC2132B2C739C00216449 /* Model */,
				BCCDC2052B2C720A00216449 /* CryptoSwitUIApp.swift */,
				BCCDC2092B2C720F00216449 /* Assets.xcassets */,
				BCCDC20B2B2C720F00216449 /* Preview Content */,
			);
			path = CryptoSwitUI;
			sourceTree = "<group>";
		};
		BCCDC20B2B2C720F00216449 /* Preview Content */ = {
			isa = PBXGroup;
			children = (
				BCCDC20C2B2C720F00216449 /* Preview Assets.xcassets */,
			);
			path = "Preview Content";
			sourceTree = "<group>";
		};
		BCCDC2132B2C739C00216449 /* Model */ = {
			isa = PBXGroup;
			children = (
				BCCDC2172B2C746200216449 /* CryptoCurrency.swift */,
			);
			path = Model;
			sourceTree = "<group>";
		};
		BCCDC2142B2C73A200216449 /* View */ = {
			isa = PBXGroup;
			children = (
				BCCDC2072B2C720A00216449 /* MainView.swift */,
			);
			path = View;
			sourceTree = "<group>";
		};
		BCCDC2152B2C73A700216449 /* ViewModel */ = {
			isa = PBXGroup;
			children = (
				BCCDC21B2B2C7C7A00216449 /* CrytoViewModel.swift */,
			);
			path = ViewModel;
			sourceTree = "<group>";
		};
		BCCDC2162B2C73AF00216449 /* Service */ = {
			isa = PBXGroup;
			children = (
				BCCDC2192B2C76B600216449 /* WebService.swift */,
			);
			path = Service;
			sourceTree = "<group>";
		};
/* End PBXGroup section */

/* Begin PBXNativeTarget section */
		BCCDC2012B2C720A00216449 /* CryptoSwitUI */ = {
			isa = PBXNativeTarget;
			buildConfigurationList = BCCDC2102B2C720F00216449 /* Build configuration list for PBXNativeTarget "CryptoSwitUI" */;
			buildPhases = (
				BCCDC1FE2B2C720A00216449 /* Sources */,
				BCCDC1FF2B2C720A00216449 /* Frameworks */,
				BCCDC2002B2C720A00216449 /* Resources */,
			);
			buildRules = (
			);
			dependencies = (
			);
			name = CryptoSwitUI;
			productName = CryptoSwitUI;
			productReference = BCCDC2022B2C720A00216449 /* CryptoSwitUI.app */;
			productType = "com.apple.product-type.application";
		};
/* End PBXNativeTarget section */

/* Begin PBXProject section */
		BCCDC1FA2B2C720A00216449 /* Project object */ = {
			isa = PBXProject;
			attributes = {
				BuildIndependentTargetsInParallel = 1;
				LastSwiftUpdateCheck = 1500;
				LastUpgradeCheck = 1500;
				TargetAttributes = {
					BCCDC2012B2C720A00216449 = {
						CreatedOnToolsVersion = 15.0.1;
					};
				};
			};
			buildConfigurationList = BCCDC1FD2B2C720A00216449 /* Build configuration list for PBXProject "CryptoSwitUI" */;
			compatibilityVersion = "Xcode 14.0";
			developmentRegion = en;
			hasScannedForEncodings = 0;
			knownRegions = (
				en,
				Base,
			);
			mainGroup = BCCDC1F92B2C720A00216449;
			productRefGroup = BCCDC2032B2C720A00216449 /* Products */;
			projectDirPath = "";
			projectRoot = "";
			targets = (
				BCCDC2012B2C720A00216449 /* CryptoSwitUI */,
			);
		};
/* End PBXProject section */

/* Begin PBXResourcesBuildPhase section */
		BCCDC2002B2C720A00216449 /* Resources */ = {
			isa = PBXResourcesBuildPhase;
			buildActionMask = 2147483647;
			files = (
				BCCDC20D2B2C720F00216449 /* Preview Assets.xcassets in Resources */,
				BCCDC20A2B2C720F00216449 /* Assets.xcassets in Resources */,
			);
			runOnlyForDeploymentPostprocessing = 0;
		};
/* End PBXResourcesBuildPhase section */

/* Begin PBXSourcesBuildPhase section */
		BCCDC1FE2B2C720A00216449 /* Sources */ = {
			isa = PBXSourcesBuildPhase;
			buildActionMask = 2147483647;
			files = (
				BCCDC2082B2C720A00216449 /* MainView.swift in Sources */,
				BCCDC2182B2C746200216449 /* CryptoCurrency.swift in Sources */,
				BCCDC21A2B2C76B600216449 /* WebService.swift in Sources */,
				BCCDC21C2B2C7C7A00216449 /* CrytoViewModel.swift in Sources */,
				BCCDC2062B2C720A00216449 /* CryptoSwitUIApp.swift in Sources */,
			);
			runOnlyForDeploymentPostprocessing = 0;
		};
/* End PBXSourcesBuildPhase section */

/* Begin XCBuildConfiguration section */
		BCCDC20E2B2C720F00216449 /* Debug */ = {
			isa = XCBuildConfiguration;
			buildSettings = {
				ALWAYS_SEARCH_USER_PATHS = NO;
				ASSETCATALOG_COMPILER_GENERATE_SWIFT_ASSET_SYMBOL_EXTENSIONS = YES;
				CLANG_ANALYZER_NONNULL = YES;
				CLANG_ANALYZER_NUMBER_OBJECT_CONVERSION = YES_AGGRESSIVE;
				CLANG_CXX_LANGUAGE_STANDARD = "gnu++20";
				CLANG_ENABLE_MODULES = YES;
				CLANG_ENABLE_OBJC_ARC = YES;
				CLANG_ENABLE_OBJC_WEAK = YES;
				CLANG_WARN_BLOCK_CAPTURE_AUTORELEASING = YES;
				CLANG_WARN_BOOL_CONVERSION = YES;
				CLANG_WARN_COMMA = YES;
				CLANG_WARN_CONSTANT_CONVERSION = YES;
				CLANG_WARN_DEPRECATED_OBJC_IMPLEMENTATIONS = YES;
				CLANG_WARN_DIRECT_OBJC_ISA_USAGE = YES_ERROR;
				CLANG_WARN_DOCUMENTATION_COMMENTS = YES;
				CLANG_WARN_EMPTY_BODY = YES;
				CLANG_WARN_ENUM_CONVERSION = YES;
				CLANG_WARN_INFINITE_RECURSION = YES;
				CLANG_WARN_INT_CONVERSION = YES;
				CLANG_WARN_NON_LITERAL_NULL_CONVERSION = YES;
				CLANG_WARN_OBJC_IMPLICIT_RETAIN_SELF = YES;
				CLANG_WARN_OBJC_LITERAL_CONVERSION = YES;
				CLANG_WARN_OBJC_ROOT_CLASS = YES_ERROR;
				CLANG_WARN_QUOTED_INCLUDE_IN_FRAMEWORK_HEADER = YES;
				CLANG_WARN_RANGE_LOOP_ANALYSIS = YES;
				CLANG_WARN_STRICT_PROTOTYPES = YES;
				CLANG_WARN_SUSPICIOUS_MOVE = YES;
				CLANG_WARN_UNGUARDED_AVAILABILITY = YES_AGGRESSIVE;
				CLANG_WARN_UNREACHABLE_CODE = YES;
				CLANG_WARN__DUPLICATE_METHOD_MATCH = YES;
				COPY_PHASE_STRIP = NO;
				DEBUG_INFORMATION_FORMAT = dwarf;
				ENABLE_STRICT_OBJC_MSGSEND = YES;
				ENABLE_TESTABILITY = YES;
				ENABLE_USER_SCRIPT_SANDBOXING = YES;
				GCC_C_LANGUAGE_STANDARD = gnu17;
				GCC_DYNAMIC_NO_PIC = NO;
				GCC_NO_COMMON_BLOCKS = YES;
				GCC_OPTIMIZATION_LEVEL = 0;
				GCC_PREPROCESSOR_DEFINITIONS = (
					"DEBUG=1",
					"$(inherited)",
				);
				GCC_WARN_64_TO_32_BIT_CONVERSION = YES;
				GCC_WARN_ABOUT_RETURN_TYPE = YES_ERROR;
				GCC_WARN_UNDECLARED_SELECTOR = YES;
				GCC_WARN_UNINITIALIZED_AUTOS = YES_AGGRESSIVE;
				GCC_WARN_UNUSED_FUNCTION = YES;
				GCC_WARN_UNUSED_VARIABLE = YES;
				IPHONEOS_DEPLOYMENT_TARGET = 17.0;
				LOCALIZATION_PREFERS_STRING_CATALOGS = YES;
				MTL_ENABLE_DEBUG_INFO = INCLUDE_SOURCE;
				MTL_FAST_MATH = YES;
				ONLY_ACTIVE_ARCH = YES;
				SDKROOT = iphoneos;
				SWIFT_ACTIVE_COMPILATION_CONDITIONS = "DEBUG $(inherited)";
				SWIFT_OPTIMIZATION_LEVEL = "-Onone";
			};
			name = Debug;
		};
		BCCDC20F2B2C720F00216449 /* Release */ = {
			isa = XCBuildConfiguration;
			buildSettings = {
				ALWAYS_SEARCH_USER_PATHS = NO;
				ASSETCATALOG_COMPILER_GENERATE_SWIFT_ASSET_SYMBOL_EXTENSIONS = YES;
				CLANG_ANALYZER_NONNULL = YES;
				CLANG_ANALYZER_NUMBER_OBJECT_CONVERSION = YES_AGGRESSIVE;
				CLANG_CXX_LANGUAGE_STANDARD = "gnu++20";
				CLANG_ENABLE_MODULES = YES;
				CLANG_ENABLE_OBJC_ARC = YES;
				CLANG_ENABLE_OBJC_WEAK = YES;
				CLANG_WARN_BLOCK_CAPTURE_AUTORELEASING = YES;
				CLANG_WARN_BOOL_CONVERSION = YES;
				CLANG_WARN_COMMA = YES;
				CLANG_WARN_CONSTANT_CONVERSION = YES;
				CLANG_WARN_DEPRECATED_OBJC_IMPLEMENTATIONS = YES;
				CLANG_WARN_DIRECT_OBJC_ISA_USAGE = YES_ERROR;
				CLANG_WARN_DOCUMENTATION_COMMENTS = YES;
				CLANG_WARN_EMPTY_BODY = YES;
				CLANG_WARN_ENUM_CONVERSION = YES;
				CLANG_WARN_INFINITE_RECURSION = YES;
				CLANG_WARN_INT_CONVERSION = YES;
				CLANG_WARN_NON_LITERAL_NULL_CONVERSION = YES;
				CLANG_WARN_OBJC_IMPLICIT_RETAIN_SELF = YES;
				CLANG_WARN_OBJC_LITERAL_CONVERSION = YES;
				CLANG_WARN_OBJC_ROOT_CLASS = YES_ERROR;
				CLANG_WARN_QUOTED_INCLUDE_IN_FRAMEWORK_HEADER = YES;
				CLANG_WARN_RANGE_LOOP_ANALYSIS = YES;
				CLANG_WARN_STRICT_PROTOTYPES = YES;
				CLANG_WARN_SUSPICIOUS_MOVE = YES;
				CLANG_WARN_UNGUARDED_AVAILABILITY = YES_AGGRESSIVE;
				CLANG_WARN_UNREACHABLE_CODE = YES;
				CLANG_WARN__DUPLICATE_METHOD_MATCH = YES;
				COPY_PHASE_STRIP = NO;
				DEBUG_INFORMATION_FORMAT = "dwarf-with-dsym";
				ENABLE_NS_ASSERTIONS = NO;
				ENABLE_STRICT_OBJC_MSGSEND = YES;
				ENABLE_USER_SCRIPT_SANDBOXING = YES;
				GCC_C_LANGUAGE_STANDARD = gnu17;
				GCC_NO_COMMON_BLOCKS = YES;
				GCC_WARN_64_TO_32_BIT_CONVERSION = YES;
				GCC_WARN_ABOUT_RETURN_TYPE = YES_ERROR;
				GCC_WARN_UNDECLARED_SELECTOR = YES;
				GCC_WARN_UNINITIALIZED_AUTOS = YES_AGGRESSIVE;
				GCC_WARN_UNUSED_FUNCTION = YES;
				GCC_WARN_UNUSED_VARIABLE = YES;
				IPHONEOS_DEPLOYMENT_TARGET = 17.0;
				LOCALIZATION_PREFERS_STRING_CATALOGS = YES;
				MTL_ENABLE_DEBUG_INFO = NO;
				MTL_FAST_MATH = YES;
				SDKROOT = iphoneos;
				SWIFT_COMPILATION_MODE = wholemodule;
				VALIDATE_PRODUCT = YES;
			};
			name = Release;
		};
		BCCDC2112B2C720F00216449 /* Debug */ = {
			isa = XCBuildConfiguration;
			buildSettings = {
				ASSETCATALOG_COMPILER_APPICON_NAME = AppIcon;
				ASSETCATALOG_COMPILER_GLOBAL_ACCENT_COLOR_NAME = AccentColor;
				CODE_SIGN_STYLE = Automatic;
				CURRENT_PROJECT_VERSION = 1;
				DEVELOPMENT_ASSET_PATHS = "\"CryptoSwitUI/Preview Content\"";
				ENABLE_PREVIEWS = YES;
				GENERATE_INFOPLIST_FILE = YES;
				INFOPLIST_KEY_UIApplicationSceneManifest_Generation = YES;
				INFOPLIST_KEY_UIApplicationSupportsIndirectInputEvents = YES;
				INFOPLIST_KEY_UILaunchScreen_Generation = YES;
				INFOPLIST_KEY_UISupportedInterfaceOrientations_iPad = "UIInterfaceOrientationPortrait UIInterfaceOrientationPortraitUpsideDown UIInterfaceOrientationLandscapeLeft UIInterfaceOrientationLandscapeRight";
				INFOPLIST_KEY_UISupportedInterfaceOrientations_iPhone = "UIInterfaceOrientationPortrait UIInterfaceOrientationLandscapeLeft UIInterfaceOrientationLandscapeRight";
				LD_RUNPATH_SEARCH_PATHS = (
					"$(inherited)",
					"@executable_path/Frameworks",
				);
				MARKETING_VERSION = 1.0;
				PRODUCT_BUNDLE_IDENTIFIER = com.fatih.CryptoSwitUI;
				PRODUCT_NAME = "$(TARGET_NAME)";
				SWIFT_EMIT_LOC_STRINGS = YES;
				SWIFT_VERSION = 5.0;
				TARGETED_DEVICE_FAMILY = "1,2";
			};
			name = Debug;
		};
		BCCDC2122B2C720F00216449 /* Release */ = {
			isa = XCBuildConfiguration;
			buildSettings = {
				ASSETCATALOG_COMPILER_APPICON_NAME = AppIcon;
				ASSETCATALOG_COMPILER_GLOBAL_ACCENT_COLOR_NAME = AccentColor;
				CODE_SIGN_STYLE = Automatic;
				CURRENT_PROJECT_VERSION = 1;
				DEVELOPMENT_ASSET_PATHS = "\"CryptoSwitUI/Preview Content\"";
				ENABLE_PREVIEWS = YES;
				GENERATE_INFOPLIST_FILE = YES;
				INFOPLIST_KEY_UIApplicationSceneManifest_Generation = YES;
				INFOPLIST_KEY_UIApplicationSupportsIndirectInputEvents = YES;
				INFOPLIST_KEY_UILaunchScreen_Generation = YES;
				INFOPLIST_KEY_UISupportedInterfaceOrientations_iPad = "UIInterfaceOrientationPortrait UIInterfaceOrientationPortraitUpsideDown UIInterfaceOrientationLandscapeLeft UIInterfaceOrientationLandscapeRight";
				INFOPLIST_KEY_UISupportedInterfaceOrientations_iPhone = "UIInterfaceOrientationPortrait UIInterfaceOrientationLandscapeLeft UIInterfaceOrientationLandscapeRight";
				LD_RUNPATH_SEARCH_PATHS = (
					"$(inherited)",
					"@executable_path/Frameworks",
				);
				MARKETING_VERSION = 1.0;
				PRODUCT_BUNDLE_IDENTIFIER = com.fatih.CryptoSwitUI;
				PRODUCT_NAME = "$(TARGET_NAME)";
				SWIFT_EMIT_LOC_STRINGS = YES;
				SWIFT_VERSION = 5.0;
				TARGETED_DEVICE_FAMILY = "1,2";
			};
			name = Release;
		};
/* End XCBuildConfiguration section */

/* Begin XCConfigurationList section */
		BCCDC1FD2B2C720A00216449 /* Build configuration list for PBXProject "CryptoSwitUI" */ = {
			isa = XCConfigurationList;
			buildConfigurations = (
				BCCDC20E2B2C720F00216449 /* Debug */,
				BCCDC20F2B2C720F00216449 /* Release */,
			);
			defaultConfigurationIsVisible = 0;
			defaultConfigurationName = Release;
		};
		BCCDC2102B2C720F00216449 /* Build configuration list for PBXNativeTarget "CryptoSwitUI" */ = {
			isa = XCConfigurationList;
			buildConfigurations = (
				BCCDC2112B2C720F00216449 /* Debug */,
				BCCDC2122B2C720F00216449 /* Release */,
			);
			defaultConfigurationIsVisible = 0;
			defaultConfigurationName = Release;
		};
/* End XCConfigurationList section */
	};
	rootObject = BCCDC1FA2B2C720A00216449 /* Project object */;
}
